
Microsoft Visual Studio Solution File, Format Version 12.00
# Visual Studio Version 17
VisualStudioVersion = 17.10.35027.167
MinimumVisualStudioVersion = 10.0.40219.1
Project("{FAE04EC0-301F-11D3-BF4B-00C04F79EFBC}") = "pryDiesenbergRegistroCompras", "pryDiesenbergRegistroCompras\pryDiesenbergRegistroCompras.csproj", "{1CDC4A17-6882-487C-912B-F2B325C3FD12}"
EndProject
Global
	GlobalSection(SolutionConfigurationPlatforms) = preSolution
		Debug|Any CPU = Debug|Any CPU
		Release|Any CPU = Release|Any CPU
	EndGlobalSection
	GlobalSection(ProjectConfigurationPlatforms) = postSolution
		{1CDC4A17-6882-487C-912B-F2B325C3FD12}.Debug|Any CPU.ActiveCfg = Debug|Any CPU
		{1CDC4A17-6882-487C-912B-F2B325C3FD12}.Debug|Any CPU.Build.0 = Debug|Any CPU
		{1CDC4A17-6882-487C-912B-F2B325C3FD12}.Release|Any CPU.ActiveCfg = Release|Any CPU
		{1CDC4A17-6882-487C-912B-F2B325C3FD12}.Release|Any CPU.Build.0 = Release|Any CPU
	EndGlobalSection
	GlobalSection(SolutionProperties) = preSolution
		HideSolutionNode = FALSE
	EndGlobalSection
	GlobalSection(ExtensibilityGlobals) = postSolution
		SolutionGuid = {C219A4CF-BC50-4B55-A5FC-8A4A45BC3E28}
	EndGlobalSection
EndGlobal
